
Microsoft Visual Studio Solution File, Format Version 12.00
# Visual Studio Version 17
VisualStudioVersion = 17.8.34525.116
MinimumVisualStudioVersion = 10.0.40219.1
Project("{FAE04EC0-301F-11D3-BF4B-00C04F79EFBC}") = "BlogWebsite", "BlogWebsite\BlogWebsite.csproj", "{9FCA39B8-C1FB-44A5-B052-51D3B0901880}"
EndProject
Global
	GlobalSection(SolutionConfigurationPlatforms) = preSolution
		Debug|Any CPU = Debug|Any CPU
		Release|Any CPU = Release|Any CPU
	EndGlobalSection
	GlobalSection(ProjectConfigurationPlatforms) = postSolution
		{9FCA39B8-C1FB-44A5-B052-51D3B0901880}.Debug|Any CPU.ActiveCfg = Debug|Any CPU
		{9FCA39B8-C1FB-44A5-B052-51D3B0901880}.Debug|Any CPU.Build.0 = Debug|Any CPU
		{9FCA39B8-C1FB-44A5-B052-51D3B0901880}.Release|Any CPU.ActiveCfg = Release|Any CPU
		{9FCA39B8-C1FB-44A5-B052-51D3B0901880}.Release|Any CPU.Build.0 = Release|Any CPU
	EndGlobalSection
	GlobalSection(SolutionProperties) = preSolution
		HideSolutionNode = FALSE
	EndGlobalSection
	GlobalSection(ExtensibilityGlobals) = postSolution
		SolutionGuid = {AF8F93F1-038A-49B2-89D7-F9F86C50A522}
	EndGlobalSection
EndGlobal
